
Microsoft Visual Studio Solution File, Format Version 12.00
# Visual Studio Version 17
VisualStudioVersion = 17.14.36221.1 d17.14
MinimumVisualStudioVersion = 10.0.40219.1
Project("{FAE04EC0-301F-11D3-BF4B-00C04F79EFBC}") = "MidnightMenu_DeathMustDie", "MidnightMenu_DeathMustDie.csproj", "{4490DD2D-289F-43A7-86FF-777D622562B1}"
EndProject
Global
	GlobalSection(SolutionConfigurationPlatforms) = preSolution
		Debug|Any CPU = Debug|Any CPU
		Release|Any CPU = Release|Any CPU
	EndGlobalSection
	GlobalSection(ProjectConfigurationPlatforms) = postSolution
		{4490DD2D-289F-43A7-86FF-777D622562B1}.Debug|Any CPU.ActiveCfg = Debug|Any CPU
		{4490DD2D-289F-43A7-86FF-777D622562B1}.Debug|Any CPU.Build.0 = Debug|Any CPU
		{4490DD2D-289F-43A7-86FF-777D622562B1}.Release|Any CPU.ActiveCfg = Release|Any CPU
		{4490DD2D-289F-43A7-86FF-777D622562B1}.Release|Any CPU.Build.0 = Release|Any CPU
	EndGlobalSection
	GlobalSection(SolutionProperties) = preSolution
		HideSolutionNode = FALSE
	EndGlobalSection
	GlobalSection(ExtensibilityGlobals) = postSolution
		SolutionGuid = {4A17760F-D917-4B0C-860B-BB5B175115C7}
	EndGlobalSection
EndGlobal
